
Microsoft Visual Studio Solution File, Format Version 12.00
# Visual Studio Version 17
VisualStudioVersion = 17.11.35327.3
MinimumVisualStudioVersion = 10.0.40219.1
Project("{9A19103F-16F7-4668-BE54-9A1E7A4F7556}") = "CargaDWHNorthwind.Data", "CargaDWHNorthwind.Data\CargaDWHNorthwind.Data.csproj", "{1FA29313-0BD1-4B73-846A-403C849C5295}"
EndProject
Project("{9A19103F-16F7-4668-BE54-9A1E7A4F7556}") = "CargaDWHNorthwind.WorkerServices", "CargaDWHNorthwind.WorkerServices\CargaDWHNorthwind.WorkerServices.csproj", "{D0D4762E-CE1C-4007-A7C8-2AFB38094845}"
EndProject
Global
	GlobalSection(SolutionConfigurationPlatforms) = preSolution
		Debug|Any CPU = Debug|Any CPU
		Release|Any CPU = Release|Any CPU
	EndGlobalSection
	GlobalSection(ProjectConfigurationPlatforms) = postSolution
		{1FA29313-0BD1-4B73-846A-403C849C5295}.Debug|Any CPU.ActiveCfg = Debug|Any CPU
		{1FA29313-0BD1-4B73-846A-403C849C5295}.Debug|Any CPU.Build.0 = Debug|Any CPU
		{1FA29313-0BD1-4B73-846A-403C849C5295}.Release|Any CPU.ActiveCfg = Release|Any CPU
		{1FA29313-0BD1-4B73-846A-403C849C5295}.Release|Any CPU.Build.0 = Release|Any CPU
		{D0D4762E-CE1C-4007-A7C8-2AFB38094845}.Debug|Any CPU.ActiveCfg = Debug|Any CPU
		{D0D4762E-CE1C-4007-A7C8-2AFB38094845}.Debug|Any CPU.Build.0 = Debug|Any CPU
		{D0D4762E-CE1C-4007-A7C8-2AFB38094845}.Release|Any CPU.ActiveCfg = Release|Any CPU
		{D0D4762E-CE1C-4007-A7C8-2AFB38094845}.Release|Any CPU.Build.0 = Release|Any CPU
	EndGlobalSection
	GlobalSection(SolutionProperties) = preSolution
		HideSolutionNode = FALSE
	EndGlobalSection
	GlobalSection(ExtensibilityGlobals) = postSolution
		SolutionGuid = {D3BE5DEB-B9B3-4926-841E-13310FAD95CF}
	EndGlobalSection
EndGlobal
